// !$*UTF8*$!
{
	archiveVersion = 1;
	classes = {
	};
	objectVersion = 46;
	objects = {

/* Begin PBXBuildFile section */
		0B74C1451B3BB69700D1BC2C /* AppDelegate.swift in Sources */ = {isa = PBXBuildFile; fileRef = 0B74C1441B3BB69700D1BC2C /* AppDelegate.swift */; };
		0B74C1471B3BB69700D1BC2C /* ViewController.swift in Sources */ = {isa = PBXBuildFile; fileRef = 0B74C1461B3BB69700D1BC2C /* ViewController.swift */; };
		0B74C14A1B3BB69700D1BC2C /* Main.storyboard in Resources */ = {isa = PBXBuildFile; fileRef = 0B74C1481B3BB69700D1BC2C /* Main.storyboard */; };
		0B74C14C1B3BB69700D1BC2C /* Images.xcassets in Resources */ = {isa = PBXBuildFile; fileRef = 0B74C14B1B3BB69700D1BC2C /* Images.xcassets */; };
		0B74C14F1B3BB69700D1BC2C /* LaunchScreen.xib in Resources */ = {isa = PBXBuildFile; fileRef = 0B74C14D1B3BB69700D1BC2C /* LaunchScreen.xib */; };
		0B74C15B1B3BB69700D1BC2C /* day1_swift_demoTests.swift in Sources */ = {isa = PBXBuildFile; fileRef = 0B74C15A1B3BB69700D1BC2C /* day1_swift_demoTests.swift */; };
/* End PBXBuildFile section */

/* Begin PBXContainerItemProxy section */
		0B74C1551B3BB69700D1BC2C /* PBXContainerItemProxy */ = {
			isa = PBXContainerItemProxy;
			containerPortal = 0B74C1371B3BB69700D1BC2C /* Project object */;
			proxyType = 1;
			remoteGlobalIDString = 0B74C13E1B3BB69700D1BC2C;
			remoteInfo = "day1-swift-demo";
		};
/* End PBXContainerItemProxy section */

/* Begin PBXFileReference section */
		0B74C13F1B3BB69700D1BC2C /* day1-swift-demo.app */ = {isa = PBXFileReference; explicitFileType = wrapper.application; includeInIndex = 0; path = "day1-swift-demo.app"; sourceTree = BUILT_PRODUCTS_DIR; };
		0B74C1431B3BB69700D1BC2C /* Info.plist */ = {isa = PBXFileReference; lastKnownFileType = text.plist.xml; path = Info.plist; sourceTree = "<group>"; };
		0B74C1441B3BB69700D1BC2C /* AppDelegate.swift */ = {isa = PBXFileReference; lastKnownFileType = sourcecode.swift; path = AppDelegate.swift; sourceTree = "<group>"; };
		0B74C1461B3BB69700D1BC2C /* ViewController.swift */ = {isa = PBXFileReference; lastKnownFileType = sourcecode.swift; path = ViewController.swift; sourceTree = "<group>"; };
		0B74C1491B3BB69700D1BC2C /* Base */ = {isa = PBXFileReference; lastKnownFileType = file.storyboard; name = Base; path = Base.lproj/Main.storyboard; sourceTree = "<group>"; };
		0B74C14B1B3BB69700D1BC2C /* Images.xcassets */ = {isa = PBXFileReference; lastKnownFileType = folder.assetcatalog; path = Images.xcassets; sourceTree = "<group>"; };
		0B74C14E1B3BB69700D1BC2C /* Base */ = {isa = PBXFileReference; lastKnownFileType = file.xib; name = Base; path = Base.lproj/LaunchScreen.xib; sourceTree = "<group>"; };
		0B74C1541B3BB69700D1BC2C /* day1-swift-demoTests.xctest */ = {isa = PBXFileReference; explicitFileType = wrapper.cfbundle; includeInIndex = 0; path = "day1-swift-demoTests.xctest"; sourceTree = BUILT_PRODUCTS_DIR; };
		0B74C1591B3BB69700D1BC2C /* Info.plist */ = {isa = PBXFileReference; lastKnownFileType = text.plist.xml; path = Info.plist; sourceTree = "<group>"; };
		0B74C15A1B3BB69700D1BC2C /* day1_swift_demoTests.swift */ = {isa = PBXFileReference; lastKnownFileType = sourcecode.swift; path = day1_swift_demoTests.swift; sourceTree = "<group>"; };
/* End PBXFileReference section */

/* Begin PBXFrameworksBuildPhase section */
		0B74C13C1B3BB69700D1BC2C /* Frameworks */ = {
			isa = PBXFrameworksBuildPhase;
			buildActionMask = 2147483647;
			files = (
			);
			runOnlyForDeploymentPostprocessing = 0;
		};
		0B74C1511B3BB69700D1BC2C /* Frameworks */ = {
			isa = PBXFrameworksBuildPhase;
			buildActionMask = 2147483647;
			files = (
			);
			runOnlyForDeploymentPostprocessing = 0;
		};
/* End PBXFrameworksBuildPhase section */

/* Begin PBXGroup section */
		0B74C1361B3BB69700D1BC2C = {
			isa = PBXGroup;
			children = (
				0B74C1411B3BB69700D1BC2C /* day1-swift-demo */,
				0B74C1571B3BB69700D1BC2C /* day1-swift-demoTests */,
				0B74C1401B3BB69700D1BC2C /* Products */,
			);
			sourceTree = "<group>";
		};
		0B74C1401B3BB69700D1BC2C /* Products */ = {
			isa = PBXGroup;
			children = (
				0B74C13F1B3BB69700D1BC2C /* day1-swift-demo.app */,
				0B74C1541B3BB69700D1BC2C /* day1-swift-demoTests.xctest */,
			);
			name = Products;
			sourceTree = "<group>";
		};
		0B74C1411B3BB69700D1BC2C /* day1-swift-demo */ = {
			isa = PBXGroup;
			children = (
				0B74C1441B3BB69700D1BC2C /* AppDelegate.swift */,
				0B74C1461B3BB69700D1BC2C /* ViewController.swift */,
				0B74C1481B3BB69700D1BC2C /* Main.storyboard */,
				0B74C14B1B3BB69700D1BC2C /* Images.xcassets */,
				0B74C14D1B3BB69700D1BC2C /* LaunchScreen.xib */,
				0B74C1421B3BB69700D1BC2C /* Supporting Files */,
			);
			path = "day1-swift-demo";
			sourceTree = "<group>";
		};
		0B74C1421B3BB69700D1BC2C /* Supporting Files */ = {
			isa = PBXGroup;
			children = (
				0B74C1431B3BB69700D1BC2C /* Info.plist */,
			);
			name = "Supporting Files";
			sourceTree = "<group>";
		};
		0B74C1571B3BB69700D1BC2C /* day1-swift-demoTests */ = {
			isa = PBXGroup;
			children = (
				0B74C15A1B3BB69700D1BC2C /* day1_swift_demoTests.swift */,
				0B74C1581B3BB69700D1BC2C /* Supporting Files */,
			);
			path = "day1-swift-demoTests";
			sourceTree = "<group>";
		};
		0B74C1581B3BB69700D1BC2C /* Supporting Files */ = {
			isa = PBXGroup;
			children = (
				0B74C1591B3BB69700D1BC2C /* Info.plist */,
			);
			name = "Supporting Files";
			sourceTree = "<group>";
		};
/* End PBXGroup section */

/* Begin PBXNativeTarget section */
		0B74C13E1B3BB69700D1BC2C /* day1-swift-demo */ = {
			isa = PBXNativeTarget;
			buildConfigurationList = 0B74C15E1B3BB69700D1BC2C /* Build configuration list for PBXNativeTarget "day1-swift-demo" */;
			buildPhases = (
				0B74C13B1B3BB69700D1BC2C /* Sources */,
				0B74C13C1B3BB69700D1BC2C /* Frameworks */,
				0B74C13D1B3BB69700D1BC2C /* Resources */,
			);
			buildRules = (
			);
			dependencies = (
			);
			name = "day1-swift-demo";
			productName = "day1-swift-demo";
			productReference = 0B74C13F1B3BB69700D1BC2C /* day1-swift-demo.app */;
			productType = "com.apple.product-type.application";
		};
		0B74C1531B3BB69700D1BC2C /* day1-swift-demoTests */ = {
			isa = PBXNativeTarget;
			buildConfigurationList = 0B74C1611B3BB69700D1BC2C /* Build configuration list for PBXNativeTarget "day1-swift-demoTests" */;
			buildPhases = (
				0B74C1501B3BB69700D1BC2C /* Sources */,
				0B74C1511B3BB69700D1BC2C /* Frameworks */,
				0B74C1521B3BB69700D1BC2C /* Resources */,
			);
			buildRules = (
			);
			dependencies = (
				0B74C1561B3BB69700D1BC2C /* PBXTargetDependency */,
			);
			name = "day1-swift-demoTests";
			productName = "day1-swift-demoTests";
			productReference = 0B74C1541B3BB69700D1BC2C /* day1-swift-demoTests.xctest */;
			productType = "com.apple.product-type.bundle.unit-test";
		};
/* End PBXNativeTarget section */

/* Begin PBXProject section */
		0B74C1371B3BB69700D1BC2C /* Project object */ = {
			isa = PBXProject;
			attributes = {
				LastUpgradeCheck = 0630;
				ORGANIZATIONNAME = "Dave Henson";
				TargetAttributes = {
					0B74C13E1B3BB69700D1BC2C = {
						CreatedOnToolsVersion = 6.3.1;
					};
					0B74C1531B3BB69700D1BC2C = {
						CreatedOnToolsVersion = 6.3.1;
						TestTargetID = 0B74C13E1B3BB69700D1BC2C;
					};
				};
			};
			buildConfigurationList = 0B74C13A1B3BB69700D1BC2C /* Build configuration list for PBXProject "day1-swift-demo" */;
			compatibilityVersion = "Xcode 3.2";
			developmentRegion = English;
			hasScannedForEncodings = 0;
			knownRegions = (
				en,
				Base,
			);
			mainGroup = 0B74C1361B3BB69700D1BC2C;
			productRefGroup = 0B74C1401B3BB69700D1BC2C /* Products */;
			projectDirPath = "";
			projectRoot = "";
			targets = (
				0B74C13E1B3BB69700D1BC2C /* day1-swift-demo */,
				0B74C1531B3BB69700D1BC2C /* day1-swift-demoTests */,
			);
		};
/* End PBXProject section */

/* Begin PBXResourcesBuildPhase section */
		0B74C13D1B3BB69700D1BC2C /* Resources */ = {
			isa = PBXResourcesBuildPhase;
			buildActionMask = 2147483647;
			files = (
				0B74C14A1B3BB69700D1BC2C /* Main.storyboard in Resources */,
				0B74C14F1B3BB69700D1BC2C /* LaunchScreen.xib in Resources */,
				0B74C14C1B3BB69700D1BC2C /* Images.xcassets in Resources */,
			);
			runOnlyForDeploymentPostprocessing = 0;
		};
		0B74C1521B3BB69700D1BC2C /* Resources */ = {
			isa = PBXResourcesBuildPhase;
			buildActionMask = 2147483647;
			files = (
			);
			runOnlyForDeploymentPostprocessing = 0;
		};
/* End PBXResourcesBuildPhase section */

/* Begin PBXSourcesBuildPhase section */
		0B74C13B1B3BB69700D1BC2C /* Sources */ = {
			isa = PBXSourcesBuildPhase;
			buildActionMask = 2147483647;
			files = (
				0B74C1471B3BB69700D1BC2C /* ViewController.swift in Sources */,
				0B74C1451B3BB69700D1BC2C /* AppDelegate.swift in Sources */,
			);
			runOnlyForDeploymentPostprocessing = 0;
		};
		0B74C1501B3BB69700D1BC2C /* Sources */ = {
			isa = PBXSourcesBuildPhase;
			buildActionMask = 2147483647;
			files = (
				0B74C15B1B3BB69700D1BC2C /* day1_swift_demoTests.swift in Sources */,
			);
			runOnlyForDeploymentPostprocessing = 0;
		};
/* End PBXSourcesBuildPhase section */

/* Begin PBXTargetDependency section */
		0B74C1561B3BB69700D1BC2C /* PBXTargetDependency */ = {
			isa = PBXTargetDependency;
			target = 0B74C13E1B3BB69700D1BC2C /* day1-swift-demo */;
			targetProxy = 0B74C1551B3BB69700D1BC2C /* PBXContainerItemProxy */;
		};
/* End PBXTargetDependency section */

/* Begin PBXVariantGroup section */
		0B74C1481B3BB69700D1BC2C /* Main.storyboard */ = {
			isa = PBXVariantGroup;
			children = (
				0B74C1491B3BB69700D1BC2C /* Base */,
			);
			name = Main.storyboard;
			sourceTree = "<group>";
		};
		0B74C14D1B3BB69700D1BC2C /* LaunchScreen.xib */ = {
			isa = PBXVariantGroup;
			children = (
				0B74C14E1B3BB69700D1BC2C /* Base */,
			);
			name = LaunchScreen.xib;
			sourceTree = "<group>";
		};
/* End PBXVariantGroup section */

/* Begin XCBuildConfiguration section */
		0B74C15C1B3BB69700D1BC2C /* Debug */ = {
			isa = XCBuildConfiguration;
			buildSettings = {
				ALWAYS_SEARCH_USER_PATHS = NO;
				CLANG_CXX_LANGUAGE_STANDARD = "gnu++0x";
				CLANG_CXX_LIBRARY = "libc++";
				CLANG_ENABLE_MODULES = YES;
				CLANG_ENABLE_OBJC_ARC = YES;
				CLANG_WARN_BOOL_CONVERSION = YES;
				CLANG_WARN_CONSTANT_CONVERSION = YES;
				CLANG_WARN_DIRECT_OBJC_ISA_USAGE = YES_ERROR;
				CLANG_WARN_EMPTY_BODY = YES;
				CLANG_WARN_ENUM_CONVERSION = YES;
				CLANG_WARN_INT_CONVERSION = YES;
				CLANG_WARN_OBJC_ROOT_CLASS = YES_ERROR;
				CLANG_WARN_UNREACHABLE_CODE = YES;
				CLANG_WARN__DUPLICATE_METHOD_MATCH = YES;
				"CODE_SIGN_IDENTITY[sdk=iphoneos*]" = "iPhone Developer";
				COPY_PHASE_STRIP = NO;
				DEBUG_INFORMATION_FORMAT = "dwarf-with-dsym";
				ENABLE_STRICT_OBJC_MSGSEND = YES;
				GCC_C_LANGUAGE_STANDARD = gnu99;
				GCC_DYNAMIC_NO_PIC = NO;
				GCC_NO_COMMON_BLOCKS = YES;
				GCC_OPTIMIZATION_LEVEL = 0;
				GCC_PREPROCESSOR_DEFINITIONS = (
					"DEBUG=1",
					"$(inherited)",
				);
				GCC_SYMBOLS_PRIVATE_EXTERN = NO;
				GCC_WARN_64_TO_32_BIT_CONVERSION = YES;
				GCC_WARN_ABOUT_RETURN_TYPE = YES_ERROR;
				GCC_WARN_UNDECLARED_SELECTOR = YES;
				GCC_WARN_UNINITIALIZED_AUTOS = YES_AGGRESSIVE;
				GCC_WARN_UNUSED_FUNCTION = YES;
				GCC_WARN_UNUSED_VARIABLE = YES;
				IPHONEOS_DEPLOYMENT_TARGET = 8.3;
				MTL_ENABLE_DEBUG_INFO = YES;
				ONLY_ACTIVE_ARCH = YES;
				SDKROOT = iphoneos;
				SWIFT_OPTIMIZATION_LEVEL = "-Onone";
			};
			name = Debug;
		};
		0B74C15D1B3BB69700D1BC2C /* Release */ = {
			isa = XCBuildConfiguration;
			buildSettings = {
				ALWAYS_SEARCH_USER_PATHS = NO;
				CLANG_CXX_LANGUAGE_STANDARD = "gnu++0x";
				CLANG_CXX_LIBRARY = "libc++";
				CLANG_ENABLE_MODULES = YES;
				CLANG_ENABLE_OBJC_ARC = YES;
				CLANG_WARN_BOOL_CONVERSION = YES;
				CLANG_WARN_CONSTANT_CONVERSION = YES;
				CLANG_WARN_DIRECT_OBJC_ISA_USAGE = YES_ERROR;
				CLANG_WARN_EMPTY_BODY = YES;
				CLANG_WARN_ENUM_CONVERSION = YES;
				CLANG_WARN_INT_CONVERSION = YES;
				CLANG_WARN_OBJC_ROOT_CLASS = YES_ERROR;
				CLANG_WARN_UNREACHABLE_CODE = YES;
				CLANG_WARN__DUPLICATE_METHOD_MATCH = YES;
				"CODE_SIGN_IDENTITY[sdk=iphoneos*]" = "iPhone Developer";
				COPY_PHASE_STRIP = NO;
				DEBUG_INFORMATION_FORMAT = "dwarf-with-dsym";
				ENABLE_NS_ASSERTIONS = NO;
				ENABLE_STRICT_OBJC_MSGSEND = YES;
				GCC_C_LANGUAGE_STANDARD = gnu99;
				GCC_NO_COMMON_BLOCKS = YES;
				GCC_WARN_64_TO_32_BIT_CONVERSION = YES;
				GCC_WARN_ABOUT_RETURN_TYPE = YES_ERROR;
				GCC_WARN_UNDECLARED_SELECTOR = YES;
				GCC_WARN_UNINITIALIZED_AUTOS = YES_AGGRESSIVE;
				GCC_WARN_UNUSED_FUNCTION = YES;
				GCC_WARN_UNUSED_VARIABLE = YES;
				IPHONEOS_DEPLOYMENT_TARGET = 8.3;
				MTL_ENABLE_DEBUG_INFO = NO;
				SDKROOT = iphoneos;
				VALIDATE_PRODUCT = YES;
			};
			name = Release;
		};
		0B74C15F1B3BB69700D1BC2C /* Debug */ = {
			isa = XCBuildConfiguration;
			buildSettings = {
				ASSETCATALOG_COMPILER_APPICON_NAME = AppIcon;
				INFOPLIST_FILE = "day1-swift-demo/Info.plist";
				LD_RUNPATH_SEARCH_PATHS = "$(inherited) @executable_path/Frameworks";
				PRODUCT_NAME = "$(TARGET_NAME)";
			};
			name = Debug;
		};
		0B74C1601B3BB69700D1BC2C /* Release */ = {
			isa = XCBuildConfiguration;
			buildSettings = {
				ASSETCATALOG_COMPILER_APPICON_NAME = AppIcon;
				INFOPLIST_FILE = "day1-swift-demo/Info.plist";
				LD_RUNPATH_SEARCH_PATHS = "$(inherited) @executable_path/Frameworks";
				PRODUCT_NAME = "$(TARGET_NAME)";
			};
			name = Release;
		};
		0B74C1621B3BB69700D1BC2C /* Debug */ = {
			isa = XCBuildConfiguration;
			buildSettings = {
				BUNDLE_LOADER = "$(TEST_HOST)";
				FRAMEWORK_SEARCH_PATHS = (
					"$(SDKROOT)/Developer/Library/Frameworks",
					"$(inherited)",
				);
				GCC_PREPROCESSOR_DEFINITIONS = (
					"DEBUG=1",
					"$(inherited)",
				);
				INFOPLIST_FILE = "day1-swift-demoTests/Info.plist";
				LD_RUNPATH_SEARCH_PATHS = "$(inherited) @executable_path/Frameworks @loader_path/Frameworks";
				PRODUCT_NAME = "$(TARGET_NAME)";
				TEST_HOST = "$(BUILT_PRODUCTS_DIR)/day1-swift-demo.app/day1-swift-demo";
			};
			name = Debug;
		};
		0B74C1631B3BB69700D1BC2C /* Release */ = {
			isa = XCBuildConfiguration;
			buildSettings = {
				BUNDLE_LOADER = "$(TEST_HOST)";
				FRAMEWORK_SEARCH_PATHS = (
					"$(SDKROOT)/Developer/Library/Frameworks",
					"$(inherited)",
				);
				INFOPLIST_FILE = "day1-swift-demoTests/Info.plist";
				LD_RUNPATH_SEARCH_PATHS = "$(inherited) @executable_path/Frameworks @loader_path/Frameworks";
				PRODUCT_NAME = "$(TARGET_NAME)";
				TEST_HOST = "$(BUILT_PRODUCTS_DIR)/day1-swift-demo.app/day1-swift-demo";
			};
			name = Release;
		};
/* End XCBuildConfiguration section */

/* Begin XCConfigurationList section */
		0B74C13A1B3BB69700D1BC2C /* Build configuration list for PBXProject "day1-swift-demo" */ = {
			isa = XCConfigurationList;
			buildConfigurations = (
				0B74C15C1B3BB69700D1BC2C /* Debug */,
				0B74C15D1B3BB69700D1BC2C /* Release */,
			);
			defaultConfigurationIsVisible = 0;
			defaultConfigurationName = Release;
		};
		0B74C15E1B3BB69700D1BC2C /* Build configuration list for PBXNativeTarget "day1-swift-demo" */ = {
			isa = XCConfigurationList;
			buildConfigurations = (
				0B74C15F1B3BB69700D1BC2C /* Debug */,
				0B74C1601B3BB69700D1BC2C /* Release */,
			);
			defaultConfigurationIsVisible = 0;
		};
		0B74C1611B3BB69700D1BC2C /* Build configuration list for PBXNativeTarget "day1-swift-demoTests" */ = {
			isa = XCConfigurationList;
			buildConfigurations = (
				0B74C1621B3BB69700D1BC2C /* Debug */,
				0B74C1631B3BB69700D1BC2C /* Release */,
			);
			defaultConfigurationIsVisible = 0;
		};
/* End XCConfigurationList section */
	};
	rootObject = 0B74C1371B3BB69700D1BC2C /* Project object */;
}
